// !$*UTF8*$!
{
	archiveVersion = 1;
	classes = {
	};
	objectVersion = 55;
	objects = {

/* Begin PBXBuildFile section */
		11508D0C29D17EC300F9C17D /* SDWebImage in Frameworks */ = {isa = PBXBuildFile; productRef = 11508D0B29D17EC300F9C17D /* SDWebImage */; };
		11508D0E29D17EC300F9C17D /* SDWebImageMapKit in Frameworks */ = {isa = PBXBuildFile; productRef = 11508D0D29D17EC300F9C17D /* SDWebImageMapKit */; };
		11508D1029D18B9400F9C17D /* UpcomingShowTableViewCell.swift in Sources */ = {isa = PBXBuildFile; fileRef = 11508D0F29D18B9400F9C17D /* UpcomingShowTableViewCell.swift */; };
		11508D1229D18DDB00F9C17D /* ShowViewModel.swift in Sources */ = {isa = PBXBuildFile; fileRef = 11508D1129D18DDB00F9C17D /* ShowViewModel.swift */; };
		11508D1429D1995600F9C17D /* SearchResultsViewController.swift in Sources */ = {isa = PBXBuildFile; fileRef = 11508D1329D1995600F9C17D /* SearchResultsViewController.swift */; };
		117B433B29D2B38F00395CCA /* YoutubeSearchResponse.swift in Sources */ = {isa = PBXBuildFile; fileRef = 117B433A29D2B38F00395CCA /* YoutubeSearchResponse.swift */; };
		117B433D29D2BADA00395CCA /* VideoPreviewViewController.swift in Sources */ = {isa = PBXBuildFile; fileRef = 117B433C29D2BADA00395CCA /* VideoPreviewViewController.swift */; };
		117B433F29D2BD9900395CCA /* YoutubePreviewViewModel.swift in Sources */ = {isa = PBXBuildFile; fileRef = 117B433E29D2BD9900395CCA /* YoutubePreviewViewModel.swift */; };
		117B436529D2D91F00395CCA /* NetflixCloneDataModel.xcdatamodeld in Sources */ = {isa = PBXBuildFile; fileRef = 117B436329D2D91F00395CCA /* NetflixCloneDataModel.xcdatamodeld */; };
		117B436729D2DCF000395CCA /* CoreDataPersistenceManager.swift in Sources */ = {isa = PBXBuildFile; fileRef = 117B436629D2DCF000395CCA /* CoreDataPersistenceManager.swift */; };
		118F8FE429D15249009388FA /* AppDelegate.swift in Sources */ = {isa = PBXBuildFile; fileRef = 118F8FE329D15249009388FA /* AppDelegate.swift */; };
		118F8FE629D15249009388FA /* SceneDelegate.swift in Sources */ = {isa = PBXBuildFile; fileRef = 118F8FE529D15249009388FA /* SceneDelegate.swift */; };
		118F8FE829D15249009388FA /* MainTabBarController.swift in Sources */ = {isa = PBXBuildFile; fileRef = 118F8FE729D15249009388FA /* MainTabBarController.swift */; };
		118F8FED29D1524B009388FA /* Assets.xcassets in Resources */ = {isa = PBXBuildFile; fileRef = 118F8FEC29D1524B009388FA /* Assets.xcassets */; };
		118F8FF029D1524B009388FA /* LaunchScreen.storyboard in Resources */ = {isa = PBXBuildFile; fileRef = 118F8FEE29D1524B009388FA /* LaunchScreen.storyboard */; };
		118F8FF929D153C7009388FA /* HomeViewController.swift in Sources */ = {isa = PBXBuildFile; fileRef = 118F8FF829D153C7009388FA /* HomeViewController.swift */; };
		118F8FFB29D153EA009388FA /* UpcomingViewController.swift in Sources */ = {isa = PBXBuildFile; fileRef = 118F8FFA29D153EA009388FA /* UpcomingViewController.swift */; };
		118F8FFD29D15411009388FA /* SearchViewController.swift in Sources */ = {isa = PBXBuildFile; fileRef = 118F8FFC29D15411009388FA /* SearchViewController.swift */; };
		118F8FFF29D15427009388FA /* DownloadsViewController.swift in Sources */ = {isa = PBXBuildFile; fileRef = 118F8FFE29D15427009388FA /* DownloadsViewController.swift */; };
		118F900629D15943009388FA /* CollectionViewTableViewCell.swift in Sources */ = {isa = PBXBuildFile; fileRef = 118F900529D15943009388FA /* CollectionViewTableViewCell.swift */; };
		118F900A29D15F1F009388FA /* HeroHeaderView.swift in Sources */ = {isa = PBXBuildFile; fileRef = 118F900929D15F1F009388FA /* HeroHeaderView.swift */; };
		118F900C29D16BE8009388FA /* APICaller.swift in Sources */ = {isa = PBXBuildFile; fileRef = 118F900B29D16BE8009388FA /* APICaller.swift */; };
		118F900E29D16EE1009388FA /* Show.swift in Sources */ = {isa = PBXBuildFile; fileRef = 118F900D29D16EE1009388FA /* Show.swift */; };
		118F901029D173EF009388FA /* Extensions.swift in Sources */ = {isa = PBXBuildFile; fileRef = 118F900F29D173EF009388FA /* Extensions.swift */; };
		118F901429D17C6E009388FA /* ShowCollectionViewCell.swift in Sources */ = {isa = PBXBuildFile; fileRef = 118F901329D17C6D009388FA /* ShowCollectionViewCell.swift */; };
/* End PBXBuildFile section */

/* Begin PBXFileReference section */
		11508D0F29D18B9400F9C17D /* UpcomingShowTableViewCell.swift */ = {isa = PBXFileReference; lastKnownFileType = sourcecode.swift; path = UpcomingShowTableViewCell.swift; sourceTree = "<group>"; };
		11508D1129D18DDB00F9C17D /* ShowViewModel.swift */ = {isa = PBXFileReference; lastKnownFileType = sourcecode.swift; path = ShowViewModel.swift; sourceTree = "<group>"; };
		11508D1329D1995600F9C17D /* SearchResultsViewController.swift */ = {isa = PBXFileReference; lastKnownFileType = sourcecode.swift; path = SearchResultsViewController.swift; sourceTree = "<group>"; };
		117B433A29D2B38F00395CCA /* YoutubeSearchResponse.swift */ = {isa = PBXFileReference; lastKnownFileType = sourcecode.swift; path = YoutubeSearchResponse.swift; sourceTree = "<group>"; };
		117B433C29D2BADA00395CCA /* VideoPreviewViewController.swift */ = {isa = PBXFileReference; lastKnownFileType = sourcecode.swift; path = VideoPreviewViewController.swift; sourceTree = "<group>"; };
		117B433E29D2BD9900395CCA /* YoutubePreviewViewModel.swift */ = {isa = PBXFileReference; lastKnownFileType = sourcecode.swift; path = YoutubePreviewViewModel.swift; sourceTree = "<group>"; };
		117B436429D2D91F00395CCA /* NetflixCloneDataModel.xcdatamodel */ = {isa = PBXFileReference; lastKnownFileType = wrapper.xcdatamodel; path = NetflixCloneDataModel.xcdatamodel; sourceTree = "<group>"; };
		117B436629D2DCF000395CCA /* CoreDataPersistenceManager.swift */ = {isa = PBXFileReference; lastKnownFileType = sourcecode.swift; path = CoreDataPersistenceManager.swift; sourceTree = "<group>"; };
		118F8FE029D15249009388FA /* NetflixClone.app */ = {isa = PBXFileReference; explicitFileType = wrapper.application; includeInIndex = 0; path = NetflixClone.app; sourceTree = BUILT_PRODUCTS_DIR; };
		118F8FE329D15249009388FA /* AppDelegate.swift */ = {isa = PBXFileReference; lastKnownFileType = sourcecode.swift; path = AppDelegate.swift; sourceTree = "<group>"; };
		118F8FE529D15249009388FA /* SceneDelegate.swift */ = {isa = PBXFileReference; lastKnownFileType = sourcecode.swift; path = SceneDelegate.swift; sourceTree = "<group>"; };
		118F8FE729D15249009388FA /* MainTabBarController.swift */ = {isa = PBXFileReference; lastKnownFileType = sourcecode.swift; path = MainTabBarController.swift; sourceTree = "<group>"; };
		118F8FEC29D1524B009388FA /* Assets.xcassets */ = {isa = PBXFileReference; lastKnownFileType = folder.assetcatalog; path = Assets.xcassets; sourceTree = "<group>"; };
		118F8FEF29D1524B009388FA /* Base */ = {isa = PBXFileReference; lastKnownFileType = file.storyboard; name = Base; path = Base.lproj/LaunchScreen.storyboard; sourceTree = "<group>"; };
		118F8FF129D1524B009388FA /* Info.plist */ = {isa = PBXFileReference; lastKnownFileType = text.plist.xml; path = Info.plist; sourceTree = "<group>"; };
		118F8FF829D153C7009388FA /* HomeViewController.swift */ = {isa = PBXFileReference; lastKnownFileType = sourcecode.swift; path = HomeViewController.swift; sourceTree = "<group>"; };
		118F8FFA29D153EA009388FA /* UpcomingViewController.swift */ = {isa = PBXFileReference; lastKnownFileType = sourcecode.swift; path = UpcomingViewController.swift; sourceTree = "<group>"; };
		118F8FFC29D15411009388FA /* SearchViewController.swift */ = {isa = PBXFileReference; lastKnownFileType = sourcecode.swift; path = SearchViewController.swift; sourceTree = "<group>"; };
		118F8FFE29D15427009388FA /* DownloadsViewController.swift */ = {isa = PBXFileReference; lastKnownFileType = sourcecode.swift; path = DownloadsViewController.swift; sourceTree = "<group>"; };
		118F900529D15943009388FA /* CollectionViewTableViewCell.swift */ = {isa = PBXFileReference; lastKnownFileType = sourcecode.swift; path = CollectionViewTableViewCell.swift; sourceTree = "<group>"; };
		118F900929D15F1F009388FA /* HeroHeaderView.swift */ = {isa = PBXFileReference; lastKnownFileType = sourcecode.swift; path = HeroHeaderView.swift; sourceTree = "<group>"; };
		118F900B29D16BE8009388FA /* APICaller.swift */ = {isa = PBXFileReference; lastKnownFileType = sourcecode.swift; path = APICaller.swift; sourceTree = "<group>"; };
		118F900D29D16EE1009388FA /* Show.swift */ = {isa = PBXFileReference; lastKnownFileType = sourcecode.swift; path = Show.swift; sourceTree = "<group>"; };
		118F900F29D173EF009388FA /* Extensions.swift */ = {isa = PBXFileReference; lastKnownFileType = sourcecode.swift; path = Extensions.swift; sourceTree = "<group>"; };
		118F901329D17C6D009388FA /* ShowCollectionViewCell.swift */ = {isa = PBXFileReference; lastKnownFileType = sourcecode.swift; path = ShowCollectionViewCell.swift; sourceTree = "<group>"; };
/* End PBXFileReference section */

/* Begin PBXFrameworksBuildPhase section */
		118F8FDD29D15249009388FA /* Frameworks */ = {
			isa = PBXFrameworksBuildPhase;
			buildActionMask = 2147483647;
			files = (
				11508D0E29D17EC300F9C17D /* SDWebImageMapKit in Frameworks */,
				11508D0C29D17EC300F9C17D /* SDWebImage in Frameworks */,
			);
			runOnlyForDeploymentPostprocessing = 0;
		};
/* End PBXFrameworksBuildPhase section */

/* Begin PBXGroup section */
		118F8FD729D15249009388FA = {
			isa = PBXGroup;
			children = (
				118F8FE229D15249009388FA /* NetflixClone */,
				118F8FE129D15249009388FA /* Products */,
			);
			sourceTree = "<group>";
		};
		118F8FE129D15249009388FA /* Products */ = {
			isa = PBXGroup;
			children = (
				118F8FE029D15249009388FA /* NetflixClone.app */,
			);
			name = Products;
			sourceTree = "<group>";
		};
		118F8FE229D15249009388FA /* NetflixClone */ = {
			isa = PBXGroup;
			children = (
				118F900429D15915009388FA /* Managers */,
				118F900329D1590D009388FA /* Resources */,
				118F900129D158F3009388FA /* Models */,
				118F900029D158E1009388FA /* Views */,
				118F900229D158FB009388FA /* ViewModels */,
				118F8FF729D153B1009388FA /* Controllers */,
				118F8FE329D15249009388FA /* AppDelegate.swift */,
				118F8FE529D15249009388FA /* SceneDelegate.swift */,
				118F8FEC29D1524B009388FA /* Assets.xcassets */,
				118F8FEE29D1524B009388FA /* LaunchScreen.storyboard */,
				118F8FF129D1524B009388FA /* Info.plist */,
				117B436329D2D91F00395CCA /* NetflixCloneDataModel.xcdatamodeld */,
			);
			path = NetflixClone;
			sourceTree = "<group>";
		};
		118F8FF729D153B1009388FA /* Controllers */ = {
			isa = PBXGroup;
			children = (
				118F900829D15ECE009388FA /* General */,
				118F900729D15EC7009388FA /* Core */,
			);
			path = Controllers;
			sourceTree = "<group>";
		};
		118F900029D158E1009388FA /* Views */ = {
			isa = PBXGroup;
			children = (
				118F900529D15943009388FA /* CollectionViewTableViewCell.swift */,
				118F900929D15F1F009388FA /* HeroHeaderView.swift */,
				118F901329D17C6D009388FA /* ShowCollectionViewCell.swift */,
				11508D0F29D18B9400F9C17D /* UpcomingShowTableViewCell.swift */,
			);
			path = Views;
			sourceTree = "<group>";
		};
		118F900129D158F3009388FA /* Models */ = {
			isa = PBXGroup;
			children = (
				118F900D29D16EE1009388FA /* Show.swift */,
				117B433A29D2B38F00395CCA /* YoutubeSearchResponse.swift */,
			);
			path = Models;
			sourceTree = "<group>";
		};
		118F900229D158FB009388FA /* ViewModels */ = {
			isa = PBXGroup;
			children = (
				11508D1129D18DDB00F9C17D /* ShowViewModel.swift */,
				117B433E29D2BD9900395CCA /* YoutubePreviewViewModel.swift */,
			);
			path = ViewModels;
			sourceTree = "<group>";
		};
		118F900329D1590D009388FA /* Resources */ = {
			isa = PBXGroup;
			children = (
				118F900F29D173EF009388FA /* Extensions.swift */,
			);
			path = Resources;
			sourceTree = "<group>";
		};
		118F900429D15915009388FA /* Managers */ = {
			isa = PBXGroup;
			children = (
				118F900B29D16BE8009388FA /* APICaller.swift */,
				117B436629D2DCF000395CCA /* CoreDataPersistenceManager.swift */,
			);
			path = Managers;
			sourceTree = "<group>";
		};
		118F900729D15EC7009388FA /* Core */ = {
			isa = PBXGroup;
			children = (
				118F8FE729D15249009388FA /* MainTabBarController.swift */,
				118F8FF829D153C7009388FA /* HomeViewController.swift */,
				118F8FFA29D153EA009388FA /* UpcomingViewController.swift */,
				118F8FFC29D15411009388FA /* SearchViewController.swift */,
				118F8FFE29D15427009388FA /* DownloadsViewController.swift */,
			);
			path = Core;
			sourceTree = "<group>";
		};
		118F900829D15ECE009388FA /* General */ = {
			isa = PBXGroup;
			children = (
				11508D1329D1995600F9C17D /* SearchResultsViewController.swift */,
				117B433C29D2BADA00395CCA /* VideoPreviewViewController.swift */,
			);
			path = General;
			sourceTree = "<group>";
		};
/* End PBXGroup section */

/* Begin PBXNativeTarget section */
		118F8FDF29D15249009388FA /* NetflixClone */ = {
			isa = PBXNativeTarget;
			buildConfigurationList = 118F8FF429D1524B009388FA /* Build configuration list for PBXNativeTarget "NetflixClone" */;
			buildPhases = (
				118F8FDC29D15249009388FA /* Sources */,
				118F8FDD29D15249009388FA /* Frameworks */,
				118F8FDE29D15249009388FA /* Resources */,
			);
			buildRules = (
			);
			dependencies = (
			);
			name = NetflixClone;
			packageProductDependencies = (
				11508D0B29D17EC300F9C17D /* SDWebImage */,
				11508D0D29D17EC300F9C17D /* SDWebImageMapKit */,
			);
			productName = NetflixClone;
			productReference = 118F8FE029D15249009388FA /* NetflixClone.app */;
			productType = "com.apple.product-type.application";
		};
/* End PBXNativeTarget section */

/* Begin PBXProject section */
		118F8FD829D15249009388FA /* Project object */ = {
			isa = PBXProject;
			attributes = {
				BuildIndependentTargetsInParallel = 1;
				LastSwiftUpdateCheck = 1420;
				LastUpgradeCheck = 1420;
				TargetAttributes = {
					118F8FDF29D15249009388FA = {
						CreatedOnToolsVersion = 14.2;
					};
				};
			};
			buildConfigurationList = 118F8FDB29D15249009388FA /* Build configuration list for PBXProject "NetflixClone" */;
			compatibilityVersion = "Xcode 13.0";
			developmentRegion = en;
			hasScannedForEncodings = 0;
			knownRegions = (
				en,
				Base,
			);
			mainGroup = 118F8FD729D15249009388FA;
			packageReferences = (
				11508D0A29D17EC300F9C17D /* XCRemoteSwiftPackageReference "SDWebImage" */,
			);
			productRefGroup = 118F8FE129D15249009388FA /* Products */;
			projectDirPath = "";
			projectRoot = "";
			targets = (
				118F8FDF29D15249009388FA /* NetflixClone */,
			);
		};
/* End PBXProject section */

/* Begin PBXResourcesBuildPhase section */
		118F8FDE29D15249009388FA /* Resources */ = {
			isa = PBXResourcesBuildPhase;
			buildActionMask = 2147483647;
			files = (
				118F8FF029D1524B009388FA /* LaunchScreen.storyboard in Resources */,
				118F8FED29D1524B009388FA /* Assets.xcassets in Resources */,
			);
			runOnlyForDeploymentPostprocessing = 0;
		};
/* End PBXResourcesBuildPhase section */

/* Begin PBXSourcesBuildPhase section */
		118F8FDC29D15249009388FA /* Sources */ = {
			isa = PBXSourcesBuildPhase;
			buildActionMask = 2147483647;
			files = (
				117B436529D2D91F00395CCA /* NetflixCloneDataModel.xcdatamodeld in Sources */,
				117B433D29D2BADA00395CCA /* VideoPreviewViewController.swift in Sources */,
				11508D1229D18DDB00F9C17D /* ShowViewModel.swift in Sources */,
				118F900E29D16EE1009388FA /* Show.swift in Sources */,
				118F8FFD29D15411009388FA /* SearchViewController.swift in Sources */,
				118F8FE829D15249009388FA /* MainTabBarController.swift in Sources */,
				117B436729D2DCF000395CCA /* CoreDataPersistenceManager.swift in Sources */,
				118F900629D15943009388FA /* CollectionViewTableViewCell.swift in Sources */,
				118F901429D17C6E009388FA /* ShowCollectionViewCell.swift in Sources */,
				118F900C29D16BE8009388FA /* APICaller.swift in Sources */,
				118F8FFF29D15427009388FA /* DownloadsViewController.swift in Sources */,
				118F900A29D15F1F009388FA /* HeroHeaderView.swift in Sources */,
				11508D1429D1995600F9C17D /* SearchResultsViewController.swift in Sources */,
				118F901029D173EF009388FA /* Extensions.swift in Sources */,
				117B433F29D2BD9900395CCA /* YoutubePreviewViewModel.swift in Sources */,
				118F8FE429D15249009388FA /* AppDelegate.swift in Sources */,
				118F8FE629D15249009388FA /* SceneDelegate.swift in Sources */,
				117B433B29D2B38F00395CCA /* YoutubeSearchResponse.swift in Sources */,
				118F8FFB29D153EA009388FA /* UpcomingViewController.swift in Sources */,
				11508D1029D18B9400F9C17D /* UpcomingShowTableViewCell.swift in Sources */,
				118F8FF929D153C7009388FA /* HomeViewController.swift in Sources */,
			);
			runOnlyForDeploymentPostprocessing = 0;
		};
/* End PBXSourcesBuildPhase section */

/* Begin PBXVariantGroup section */
		118F8FEE29D1524B009388FA /* LaunchScreen.storyboard */ = {
			isa = PBXVariantGroup;
			children = (
				118F8FEF29D1524B009388FA /* Base */,
			);
			name = LaunchScreen.storyboard;
			sourceTree = "<group>";
		};
/* End PBXVariantGroup section */

/* Begin XCBuildConfiguration section */
		118F8FF229D1524B009388FA /* Debug */ = {
			isa = XCBuildConfiguration;
			buildSettings = {
				ALWAYS_SEARCH_USER_PATHS = NO;
				CLANG_ANALYZER_NONNULL = YES;
				CLANG_ANALYZER_NUMBER_OBJECT_CONVERSION = YES_AGGRESSIVE;
				CLANG_CXX_LANGUAGE_STANDARD = "gnu++20";
				CLANG_ENABLE_MODULES = YES;
				CLANG_ENABLE_OBJC_ARC = YES;
				CLANG_ENABLE_OBJC_WEAK = YES;
				CLANG_WARN_BLOCK_CAPTURE_AUTORELEASING = YES;
				CLANG_WARN_BOOL_CONVERSION = YES;
				CLANG_WARN_COMMA = YES;
				CLANG_WARN_CONSTANT_CONVERSION = YES;
				CLANG_WARN_DEPRECATED_OBJC_IMPLEMENTATIONS = YES;
				CLANG_WARN_DIRECT_OBJC_ISA_USAGE = YES_ERROR;
				CLANG_WARN_DOCUMENTATION_COMMENTS = YES;
				CLANG_WARN_EMPTY_BODY = YES;
				CLANG_WARN_ENUM_CONVERSION = YES;
				CLANG_WARN_INFINITE_RECURSION = YES;
				CLANG_WARN_INT_CONVERSION = YES;
				CLANG_WARN_NON_LITERAL_NULL_CONVERSION = YES;
				CLANG_WARN_OBJC_IMPLICIT_RETAIN_SELF = YES;
				CLANG_WARN_OBJC_LITERAL_CONVERSION = YES;
				CLANG_WARN_OBJC_ROOT_CLASS = YES_ERROR;
				CLANG_WARN_QUOTED_INCLUDE_IN_FRAMEWORK_HEADER = YES;
				CLANG_WARN_RANGE_LOOP_ANALYSIS = YES;
				CLANG_WARN_STRICT_PROTOTYPES = YES;
				CLANG_WARN_SUSPICIOUS_MOVE = YES;
				CLANG_WARN_UNGUARDED_AVAILABILITY = YES_AGGRESSIVE;
				CLANG_WARN_UNREACHABLE_CODE = YES;
				CLANG_WARN__DUPLICATE_METHOD_MATCH = YES;
				COPY_PHASE_STRIP = NO;
				DEBUG_INFORMATION_FORMAT = dwarf;
				ENABLE_STRICT_OBJC_MSGSEND = YES;
				ENABLE_TESTABILITY = YES;
				GCC_C_LANGUAGE_STANDARD = gnu11;
				GCC_DYNAMIC_NO_PIC = NO;
				GCC_NO_COMMON_BLOCKS = YES;
				GCC_OPTIMIZATION_LEVEL = 0;
				GCC_PREPROCESSOR_DEFINITIONS = (
					"DEBUG=1",
					"$(inherited)",
				);
				GCC_WARN_64_TO_32_BIT_CONVERSION = YES;
				GCC_WARN_ABOUT_RETURN_TYPE = YES_ERROR;
				GCC_WARN_UNDECLARED_SELECTOR = YES;
				GCC_WARN_UNINITIALIZED_AUTOS = YES_AGGRESSIVE;
				GCC_WARN_UNUSED_FUNCTION = YES;
				GCC_WARN_UNUSED_VARIABLE = YES;
				IPHONEOS_DEPLOYMENT_TARGET = 16.2;
				MTL_ENABLE_DEBUG_INFO = INCLUDE_SOURCE;
				MTL_FAST_MATH = YES;
				ONLY_ACTIVE_ARCH = YES;
				SDKROOT = iphoneos;
				SWIFT_ACTIVE_COMPILATION_CONDITIONS = DEBUG;
				SWIFT_OPTIMIZATION_LEVEL = "-Onone";
			};
			name = Debug;
		};
		118F8FF329D1524B009388FA /* Release */ = {
			isa = XCBuildConfiguration;
			buildSettings = {
				ALWAYS_SEARCH_USER_PATHS = NO;
				CLANG_ANALYZER_NONNULL = YES;
				CLANG_ANALYZER_NUMBER_OBJECT_CONVERSION = YES_AGGRESSIVE;
				CLANG_CXX_LANGUAGE_STANDARD = "gnu++20";
				CLANG_ENABLE_MODULES = YES;
				CLANG_ENABLE_OBJC_ARC = YES;
				CLANG_ENABLE_OBJC_WEAK = YES;
				CLANG_WARN_BLOCK_CAPTURE_AUTORELEASING = YES;
				CLANG_WARN_BOOL_CONVERSION = YES;
				CLANG_WARN_COMMA = YES;
				CLANG_WARN_CONSTANT_CONVERSION = YES;
				CLANG_WARN_DEPRECATED_OBJC_IMPLEMENTATIONS = YES;
				CLANG_WARN_DIRECT_OBJC_ISA_USAGE = YES_ERROR;
				CLANG_WARN_DOCUMENTATION_COMMENTS = YES;
				CLANG_WARN_EMPTY_BODY = YES;
				CLANG_WARN_ENUM_CONVERSION = YES;
				CLANG_WARN_INFINITE_RECURSION = YES;
				CLANG_WARN_INT_CONVERSION = YES;
				CLANG_WARN_NON_LITERAL_NULL_CONVERSION = YES;
				CLANG_WARN_OBJC_IMPLICIT_RETAIN_SELF = YES;
				CLANG_WARN_OBJC_LITERAL_CONVERSION = YES;
				CLANG_WARN_OBJC_ROOT_CLASS = YES_ERROR;
				CLANG_WARN_QUOTED_INCLUDE_IN_FRAMEWORK_HEADER = YES;
				CLANG_WARN_RANGE_LOOP_ANALYSIS = YES;
				CLANG_WARN_STRICT_PROTOTYPES = YES;
				CLANG_WARN_SUSPICIOUS_MOVE = YES;
				CLANG_WARN_UNGUARDED_AVAILABILITY = YES_AGGRESSIVE;
				CLANG_WARN_UNREACHABLE_CODE = YES;
				CLANG_WARN__DUPLICATE_METHOD_MATCH = YES;
				COPY_PHASE_STRIP = NO;
				DEBUG_INFORMATION_FORMAT = "dwarf-with-dsym";
				ENABLE_NS_ASSERTIONS = NO;
				ENABLE_STRICT_OBJC_MSGSEND = YES;
				GCC_C_LANGUAGE_STANDARD = gnu11;
				GCC_NO_COMMON_BLOCKS = YES;
				GCC_WARN_64_TO_32_BIT_CONVERSION = YES;
				GCC_WARN_ABOUT_RETURN_TYPE = YES_ERROR;
				GCC_WARN_UNDECLARED_SELECTOR = YES;
				GCC_WARN_UNINITIALIZED_AUTOS = YES_AGGRESSIVE;
				GCC_WARN_UNUSED_FUNCTION = YES;
				GCC_WARN_UNUSED_VARIABLE = YES;
				IPHONEOS_DEPLOYMENT_TARGET = 16.2;
				MTL_ENABLE_DEBUG_INFO = NO;
				MTL_FAST_MATH = YES;
				SDKROOT = iphoneos;
				SWIFT_COMPILATION_MODE = wholemodule;
				SWIFT_OPTIMIZATION_LEVEL = "-O";
				VALIDATE_PRODUCT = YES;
			};
			name = Release;
		};
		118F8FF529D1524B009388FA /* Debug */ = {
			isa = XCBuildConfiguration;
			buildSettings = {
				ASSETCATALOG_COMPILER_APPICON_NAME = AppIcon;
				ASSETCATALOG_COMPILER_GLOBAL_ACCENT_COLOR_NAME = AccentColor;
				CODE_SIGN_STYLE = Automatic;
				CURRENT_PROJECT_VERSION = 1;
				GENERATE_INFOPLIST_FILE = YES;
				INFOPLIST_FILE = NetflixClone/Info.plist;
				INFOPLIST_KEY_UIApplicationSupportsIndirectInputEvents = YES;
				INFOPLIST_KEY_UILaunchStoryboardName = LaunchScreen;
				INFOPLIST_KEY_UISupportedInterfaceOrientations_iPad = "UIInterfaceOrientationPortrait UIInterfaceOrientationPortraitUpsideDown UIInterfaceOrientationLandscapeLeft UIInterfaceOrientationLandscapeRight";
				INFOPLIST_KEY_UISupportedInterfaceOrientations_iPhone = "UIInterfaceOrientationPortrait UIInterfaceOrientationLandscapeLeft UIInterfaceOrientationLandscapeRight";
				IPHONEOS_DEPLOYMENT_TARGET = 13.0;
				LD_RUNPATH_SEARCH_PATHS = (
					"$(inherited)",
					"@executable_path/Frameworks",
				);
				MARKETING_VERSION = 1.0;
				PRODUCT_BUNDLE_IDENTIFIER = com.jervygu.NetflixClone;
				PRODUCT_NAME = "$(TARGET_NAME)";
				SWIFT_EMIT_LOC_STRINGS = YES;
				SWIFT_VERSION = 5.0;
				TARGETED_DEVICE_FAMILY = "1,2";
			};
			name = Debug;
		};
		118F8FF629D1524B009388FA /* Release */ = {
			isa = XCBuildConfiguration;
			buildSettings = {
				ASSETCATALOG_COMPILER_APPICON_NAME = AppIcon;
				ASSETCATALOG_COMPILER_GLOBAL_ACCENT_COLOR_NAME = AccentColor;
				CODE_SIGN_STYLE = Automatic;
				CURRENT_PROJECT_VERSION = 1;
				GENERATE_INFOPLIST_FILE = YES;
				INFOPLIST_FILE = NetflixClone/Info.plist;
				INFOPLIST_KEY_UIApplicationSupportsIndirectInputEvents = YES;
				INFOPLIST_KEY_UILaunchStoryboardName = LaunchScreen;
				INFOPLIST_KEY_UISupportedInterfaceOrientations_iPad = "UIInterfaceOrientationPortrait UIInterfaceOrientationPortraitUpsideDown UIInterfaceOrientationLandscapeLeft UIInterfaceOrientationLandscapeRight";
				INFOPLIST_KEY_UISupportedInterfaceOrientations_iPhone = "UIInterfaceOrientationPortrait UIInterfaceOrientationLandscapeLeft UIInterfaceOrientationLandscapeRight";
				IPHONEOS_DEPLOYMENT_TARGET = 13.0;
				LD_RUNPATH_SEARCH_PATHS = (
					"$(inherited)",
					"@executable_path/Frameworks",
				);
				MARKETING_VERSION = 1.0;
				PRODUCT_BUNDLE_IDENTIFIER = com.jervygu.NetflixClone;
				PRODUCT_NAME = "$(TARGET_NAME)";
				SWIFT_EMIT_LOC_STRINGS = YES;
				SWIFT_VERSION = 5.0;
				TARGETED_DEVICE_FAMILY = "1,2";
			};
			name = Release;
		};
/* End XCBuildConfiguration section */

/* Begin XCConfigurationList section */
		118F8FDB29D15249009388FA /* Build configuration list for PBXProject "NetflixClone" */ = {
			isa = XCConfigurationList;
			buildConfigurations = (
				118F8FF229D1524B009388FA /* Debug */,
				118F8FF329D1524B009388FA /* Release */,
			);
			defaultConfigurationIsVisible = 0;
			defaultConfigurationName = Release;
		};
		118F8FF429D1524B009388FA /* Build configuration list for PBXNativeTarget "NetflixClone" */ = {
			isa = XCConfigurationList;
			buildConfigurations = (
				118F8FF529D1524B009388FA /* Debug */,
				118F8FF629D1524B009388FA /* Release */,
			);
			defaultConfigurationIsVisible = 0;
			defaultConfigurationName = Release;
		};
/* End XCConfigurationList section */

/* Begin XCRemoteSwiftPackageReference section */
		11508D0A29D17EC300F9C17D /* XCRemoteSwiftPackageReference "SDWebImage" */ = {
			isa = XCRemoteSwiftPackageReference;
			repositoryURL = "https://github.com/SDWebImage/SDWebImage.git";
			requirement = {
				kind = upToNextMajorVersion;
				minimumVersion = 5.0.0;
			};
		};
/* End XCRemoteSwiftPackageReference section */

/* Begin XCSwiftPackageProductDependency section */
		11508D0B29D17EC300F9C17D /* SDWebImage */ = {
			isa = XCSwiftPackageProductDependency;
			package = 11508D0A29D17EC300F9C17D /* XCRemoteSwiftPackageReference "SDWebImage" */;
			productName = SDWebImage;
		};
		11508D0D29D17EC300F9C17D /* SDWebImageMapKit */ = {
			isa = XCSwiftPackageProductDependency;
			package = 11508D0A29D17EC300F9C17D /* XCRemoteSwiftPackageReference "SDWebImage" */;
			productName = SDWebImageMapKit;
		};
/* End XCSwiftPackageProductDependency section */

/* Begin XCVersionGroup section */
		117B436329D2D91F00395CCA /* NetflixCloneDataModel.xcdatamodeld */ = {
			isa = XCVersionGroup;
			children = (
				117B436429D2D91F00395CCA /* NetflixCloneDataModel.xcdatamodel */,
			);
			currentVersion = 117B436429D2D91F00395CCA /* NetflixCloneDataModel.xcdatamodel */;
			path = NetflixCloneDataModel.xcdatamodeld;
			sourceTree = "<group>";
			versionGroupType = wrapper.xcdatamodel;
		};
/* End XCVersionGroup section */
	};
	rootObject = 118F8FD829D15249009388FA /* Project object */;
}
